
Microsoft Visual Studio Solution File, Format Version 12.00
# Visual Studio Version 17
VisualStudioVersion = 17.6.33620.401
MinimumVisualStudioVersion = 10.0.40219.1
Project("{9A19103F-16F7-4668-BE54-9A1E7A4F7556}") = "DAW.DDD", "DAW.DDD\DAW.DDD.csproj", "{0A33868C-03C5-45D5-9EF2-BF64CC6027FD}"
EndProject
Project("{9A19103F-16F7-4668-BE54-9A1E7A4F7556}") = "DAW.DDD.Tests", "DAW.DDD.Tests\DAW.DDD.Tests.csproj", "{96DC5242-A07C-4AB5-912F-EE6AB180EF67}"
EndProject
Project("{9A19103F-16F7-4668-BE54-9A1E7A4F7556}") = "DAW.Repositories", "DAW.Repositories\DAW.Repositories.csproj", "{217A14EC-5927-4425-B548-335C854C3A81}"
EndProject
Project("{9A19103F-16F7-4668-BE54-9A1E7A4F7556}") = "DAW.Repositories.Tests", "DAW.Repositories.Tests\DAW.Repositories.Tests.csproj", "{117E1090-1152-4A65-B826-C4BFC8916033}"
EndProject
Project("{9A19103F-16F7-4668-BE54-9A1E7A4F7556}") = "DAW.TracksService", "DAW.TracksService\DAW.TracksService.csproj", "{F66277E2-D34F-4FAE-860E-0927DE89A3E5}"
EndProject
Project("{9A19103F-16F7-4668-BE54-9A1E7A4F7556}") = "DAW.Services", "DAW.Services\DAW.Services.csproj", "{52AA59F2-71D9-4394-B6EA-CB4F6707A3D2}"
EndProject
Project("{FAE04EC0-301F-11D3-BF4B-00C04F79EFBC}") = "DAW.Services.Tests", "DAW.Services.Tests\DAW.Services.Tests.csproj", "{A496F345-8C04-47FD-B468-31487C91B2C9}"
EndProject
Global
	GlobalSection(SolutionConfigurationPlatforms) = preSolution
		Debug|Any CPU = Debug|Any CPU
		Release|Any CPU = Release|Any CPU
	EndGlobalSection
	GlobalSection(ProjectConfigurationPlatforms) = postSolution
		{0A33868C-03C5-45D5-9EF2-BF64CC6027FD}.Debug|Any CPU.ActiveCfg = Debug|Any CPU
		{0A33868C-03C5-45D5-9EF2-BF64CC6027FD}.Debug|Any CPU.Build.0 = Debug|Any CPU
		{0A33868C-03C5-45D5-9EF2-BF64CC6027FD}.Release|Any CPU.ActiveCfg = Release|Any CPU
		{0A33868C-03C5-45D5-9EF2-BF64CC6027FD}.Release|Any CPU.Build.0 = Release|Any CPU
		{96DC5242-A07C-4AB5-912F-EE6AB180EF67}.Debug|Any CPU.ActiveCfg = Debug|Any CPU
		{96DC5242-A07C-4AB5-912F-EE6AB180EF67}.Debug|Any CPU.Build.0 = Debug|Any CPU
		{96DC5242-A07C-4AB5-912F-EE6AB180EF67}.Release|Any CPU.ActiveCfg = Release|Any CPU
		{96DC5242-A07C-4AB5-912F-EE6AB180EF67}.Release|Any CPU.Build.0 = Release|Any CPU
		{217A14EC-5927-4425-B548-335C854C3A81}.Debug|Any CPU.ActiveCfg = Debug|Any CPU
		{217A14EC-5927-4425-B548-335C854C3A81}.Debug|Any CPU.Build.0 = Debug|Any CPU
		{217A14EC-5927-4425-B548-335C854C3A81}.Release|Any CPU.ActiveCfg = Release|Any CPU
		{217A14EC-5927-4425-B548-335C854C3A81}.Release|Any CPU.Build.0 = Release|Any CPU
		{117E1090-1152-4A65-B826-C4BFC8916033}.Debug|Any CPU.ActiveCfg = Debug|Any CPU
		{117E1090-1152-4A65-B826-C4BFC8916033}.Debug|Any CPU.Build.0 = Debug|Any CPU
		{117E1090-1152-4A65-B826-C4BFC8916033}.Release|Any CPU.ActiveCfg = Release|Any CPU
		{117E1090-1152-4A65-B826-C4BFC8916033}.Release|Any CPU.Build.0 = Release|Any CPU
		{F66277E2-D34F-4FAE-860E-0927DE89A3E5}.Debug|Any CPU.ActiveCfg = Debug|Any CPU
		{F66277E2-D34F-4FAE-860E-0927DE89A3E5}.Debug|Any CPU.Build.0 = Debug|Any CPU
		{F66277E2-D34F-4FAE-860E-0927DE89A3E5}.Release|Any CPU.ActiveCfg = Release|Any CPU
		{F66277E2-D34F-4FAE-860E-0927DE89A3E5}.Release|Any CPU.Build.0 = Release|Any CPU
		{52AA59F2-71D9-4394-B6EA-CB4F6707A3D2}.Debug|Any CPU.ActiveCfg = Debug|Any CPU
		{52AA59F2-71D9-4394-B6EA-CB4F6707A3D2}.Debug|Any CPU.Build.0 = Debug|Any CPU
		{52AA59F2-71D9-4394-B6EA-CB4F6707A3D2}.Release|Any CPU.ActiveCfg = Release|Any CPU
		{52AA59F2-71D9-4394-B6EA-CB4F6707A3D2}.Release|Any CPU.Build.0 = Release|Any CPU
		{A496F345-8C04-47FD-B468-31487C91B2C9}.Debug|Any CPU.ActiveCfg = Debug|Any CPU
		{A496F345-8C04-47FD-B468-31487C91B2C9}.Debug|Any CPU.Build.0 = Debug|Any CPU
		{A496F345-8C04-47FD-B468-31487C91B2C9}.Release|Any CPU.ActiveCfg = Release|Any CPU
		{A496F345-8C04-47FD-B468-31487C91B2C9}.Release|Any CPU.Build.0 = Release|Any CPU
	EndGlobalSection
	GlobalSection(SolutionProperties) = preSolution
		HideSolutionNode = FALSE
	EndGlobalSection
	GlobalSection(ExtensibilityGlobals) = postSolution
		SolutionGuid = {103E9C9C-F1A3-441F-985E-A0F1E06634D5}
	EndGlobalSection
EndGlobal
